
Microsoft Visual Studio Solution File, Format Version 12.00
# Visual Studio Version 16
VisualStudioVersion = 16.0.31702.278
MinimumVisualStudioVersion = 10.0.40219.1
Project("{FAE04EC0-301F-11D3-BF4B-00C04F79EFBC}") = "LabWeb_MaiThang", "LabWeb_MaiThang\LabWeb_MaiThang.csproj", "{A382FEB8-64DF-4154-95D4-0F34F5EE52AF}"
EndProject
Global
	GlobalSection(SolutionConfigurationPlatforms) = preSolution
		Debug|Any CPU = Debug|Any CPU
		Release|Any CPU = Release|Any CPU
	EndGlobalSection
	GlobalSection(ProjectConfigurationPlatforms) = postSolution
		{A382FEB8-64DF-4154-95D4-0F34F5EE52AF}.Debug|Any CPU.ActiveCfg = Debug|Any CPU
		{A382FEB8-64DF-4154-95D4-0F34F5EE52AF}.Debug|Any CPU.Build.0 = Debug|Any CPU
		{A382FEB8-64DF-4154-95D4-0F34F5EE52AF}.Release|Any CPU.ActiveCfg = Release|Any CPU
		{A382FEB8-64DF-4154-95D4-0F34F5EE52AF}.Release|Any CPU.Build.0 = Release|Any CPU
	EndGlobalSection
	GlobalSection(SolutionProperties) = preSolution
		HideSolutionNode = FALSE
	EndGlobalSection
	GlobalSection(ExtensibilityGlobals) = postSolution
		SolutionGuid = {E1D504A6-BFFF-4BAE-969D-B17A5A2D2A76}
	EndGlobalSection
EndGlobal
